
Microsoft Visual Studio Solution File, Format Version 12.00
# Visual Studio Version 17
VisualStudioVersion = 17.8.34408.163
MinimumVisualStudioVersion = 10.0.40219.1
Project("{FAE04EC0-301F-11D3-BF4B-00C04F79EFBC}") = "Multithreading", "Multithreading\Multithreading.csproj", "{7B7F7A31-3B44-4D67-916F-8DF6BE9CC59C}"
EndProject
Global
	GlobalSection(SolutionConfigurationPlatforms) = preSolution
		Debug|Any CPU = Debug|Any CPU
		Release|Any CPU = Release|Any CPU
	EndGlobalSection
	GlobalSection(ProjectConfigurationPlatforms) = postSolution
		{7B7F7A31-3B44-4D67-916F-8DF6BE9CC59C}.Debug|Any CPU.ActiveCfg = Debug|Any CPU
		{7B7F7A31-3B44-4D67-916F-8DF6BE9CC59C}.Debug|Any CPU.Build.0 = Debug|Any CPU
		{7B7F7A31-3B44-4D67-916F-8DF6BE9CC59C}.Release|Any CPU.ActiveCfg = Release|Any CPU
		{7B7F7A31-3B44-4D67-916F-8DF6BE9CC59C}.Release|Any CPU.Build.0 = Release|Any CPU
	EndGlobalSection
	GlobalSection(SolutionProperties) = preSolution
		HideSolutionNode = FALSE
	EndGlobalSection
	GlobalSection(ExtensibilityGlobals) = postSolution
		SolutionGuid = {1E98F40F-68D5-45F0-AB99-F940018F2F7D}
	EndGlobalSection
EndGlobal
